
Microsoft Visual Studio Solution File, Format Version 12.00
# Visual Studio Version 16
VisualStudioVersion = 16.0.30611.23
MinimumVisualStudioVersion = 10.0.40219.1
Project("{FAE04EC0-301F-11D3-BF4B-00C04F79EFBC}") = "CoronaTest.PoC", "CoronaTest.PoC\CoronaTest.PoC.csproj", "{046085BA-2D7E-4349-A68A-AD26C743086C}"
EndProject
Project("{FAE04EC0-301F-11D3-BF4B-00C04F79EFBC}") = "CoronaTest.Core", "CoronaTest.Core\CoronaTest.Core.csproj", "{FAB76224-3B20-4B96-93F3-EC7D5D88C3DD}"
EndProject
Project("{FAE04EC0-301F-11D3-BF4B-00C04F79EFBC}") = "CoronaTest.Web", "CoronaTest.Web\CoronaTest.Web.csproj", "{C86CFD38-58AF-4D5E-A5CC-904356CB204F}"
EndProject
Global
	GlobalSection(SolutionConfigurationPlatforms) = preSolution
		Debug|Any CPU = Debug|Any CPU
		Release|Any CPU = Release|Any CPU
	EndGlobalSection
	GlobalSection(ProjectConfigurationPlatforms) = postSolution
		{046085BA-2D7E-4349-A68A-AD26C743086C}.Debug|Any CPU.ActiveCfg = Debug|Any CPU
		{046085BA-2D7E-4349-A68A-AD26C743086C}.Debug|Any CPU.Build.0 = Debug|Any CPU
		{046085BA-2D7E-4349-A68A-AD26C743086C}.Release|Any CPU.ActiveCfg = Release|Any CPU
		{046085BA-2D7E-4349-A68A-AD26C743086C}.Release|Any CPU.Build.0 = Release|Any CPU
		{FAB76224-3B20-4B96-93F3-EC7D5D88C3DD}.Debug|Any CPU.ActiveCfg = Debug|Any CPU
		{FAB76224-3B20-4B96-93F3-EC7D5D88C3DD}.Debug|Any CPU.Build.0 = Debug|Any CPU
		{FAB76224-3B20-4B96-93F3-EC7D5D88C3DD}.Release|Any CPU.ActiveCfg = Release|Any CPU
		{FAB76224-3B20-4B96-93F3-EC7D5D88C3DD}.Release|Any CPU.Build.0 = Release|Any CPU
		{C86CFD38-58AF-4D5E-A5CC-904356CB204F}.Debug|Any CPU.ActiveCfg = Debug|Any CPU
		{C86CFD38-58AF-4D5E-A5CC-904356CB204F}.Debug|Any CPU.Build.0 = Debug|Any CPU
		{C86CFD38-58AF-4D5E-A5CC-904356CB204F}.Release|Any CPU.ActiveCfg = Release|Any CPU
		{C86CFD38-58AF-4D5E-A5CC-904356CB204F}.Release|Any CPU.Build.0 = Release|Any CPU
	EndGlobalSection
	GlobalSection(SolutionProperties) = preSolution
		HideSolutionNode = FALSE
	EndGlobalSection
	GlobalSection(ExtensibilityGlobals) = postSolution
		SolutionGuid = {69DC7041-20AB-466D-A06D-8C949C480193}
	EndGlobalSection
EndGlobal
